// !$*UTF8*$!
{
	archiveVersion = 1;
	classes = {
	};
	objectVersion = 50;
	objects = {

/* Begin PBXBuildFile section */
		32F328A826A14D9200345ED2 /* terpxchangeApp.swift in Sources */ = {isa = PBXBuildFile; fileRef = 32F328A726A14D9200345ED2 /* terpxchangeApp.swift */; };
		32F328AA26A14D9200345ED2 /* ContentView.swift in Sources */ = {isa = PBXBuildFile; fileRef = 32F328A926A14D9200345ED2 /* ContentView.swift */; };
		32F328AC26A14D9300345ED2 /* Assets.xcassets in Resources */ = {isa = PBXBuildFile; fileRef = 32F328AB26A14D9300345ED2 /* Assets.xcassets */; };
		32F328AF26A14D9300345ED2 /* Preview Assets.xcassets in Resources */ = {isa = PBXBuildFile; fileRef = 32F328AE26A14D9300345ED2 /* Preview Assets.xcassets */; };
		32F328BA26A14D9300345ED2 /* terpxchangeTests.swift in Sources */ = {isa = PBXBuildFile; fileRef = 32F328B926A14D9300345ED2 /* terpxchangeTests.swift */; };
		32F328C526A14D9300345ED2 /* terpxchangeUITests.swift in Sources */ = {isa = PBXBuildFile; fileRef = 32F328C426A14D9300345ED2 /* terpxchangeUITests.swift */; };
		32F328D326A14DC300345ED2 /* Book.swift in Sources */ = {isa = PBXBuildFile; fileRef = 32F328D226A14DC300345ED2 /* Book.swift */; };
		32F328D526A1517000345ED2 /* User.swift in Sources */ = {isa = PBXBuildFile; fileRef = 32F328D426A1517000345ED2 /* User.swift */; };
		32F328D726A1563200345ED2 /* System.swift in Sources */ = {isa = PBXBuildFile; fileRef = 32F328D626A1563200345ED2 /* System.swift */; };
/* End PBXBuildFile section */

/* Begin PBXContainerItemProxy section */
		32F328B626A14D9300345ED2 /* PBXContainerItemProxy */ = {
			isa = PBXContainerItemProxy;
			containerPortal = 32F3289C26A14D9200345ED2 /* Project object */;
			proxyType = 1;
			remoteGlobalIDString = 32F328A326A14D9200345ED2;
			remoteInfo = terpxchange;
		};
		32F328C126A14D9300345ED2 /* PBXContainerItemProxy */ = {
			isa = PBXContainerItemProxy;
			containerPortal = 32F3289C26A14D9200345ED2 /* Project object */;
			proxyType = 1;
			remoteGlobalIDString = 32F328A326A14D9200345ED2;
			remoteInfo = terpxchange;
		};
/* End PBXContainerItemProxy section */

/* Begin PBXFileReference section */
		32F328A426A14D9200345ED2 /* terpxchange.app */ = {isa = PBXFileReference; explicitFileType = wrapper.application; includeInIndex = 0; path = terpxchange.app; sourceTree = BUILT_PRODUCTS_DIR; };
		32F328A726A14D9200345ED2 /* terpxchangeApp.swift */ = {isa = PBXFileReference; lastKnownFileType = sourcecode.swift; path = terpxchangeApp.swift; sourceTree = "<group>"; };
		32F328A926A14D9200345ED2 /* ContentView.swift */ = {isa = PBXFileReference; lastKnownFileType = sourcecode.swift; path = ContentView.swift; sourceTree = "<group>"; };
		32F328AB26A14D9300345ED2 /* Assets.xcassets */ = {isa = PBXFileReference; lastKnownFileType = folder.assetcatalog; path = Assets.xcassets; sourceTree = "<group>"; };
		32F328AE26A14D9300345ED2 /* Preview Assets.xcassets */ = {isa = PBXFileReference; lastKnownFileType = folder.assetcatalog; path = "Preview Assets.xcassets"; sourceTree = "<group>"; };
		32F328B026A14D9300345ED2 /* Info.plist */ = {isa = PBXFileReference; lastKnownFileType = text.plist.xml; path = Info.plist; sourceTree = "<group>"; };
		32F328B526A14D9300345ED2 /* terpxchangeTests.xctest */ = {isa = PBXFileReference; explicitFileType = wrapper.cfbundle; includeInIndex = 0; path = terpxchangeTests.xctest; sourceTree = BUILT_PRODUCTS_DIR; };
		32F328B926A14D9300345ED2 /* terpxchangeTests.swift */ = {isa = PBXFileReference; lastKnownFileType = sourcecode.swift; path = terpxchangeTests.swift; sourceTree = "<group>"; };
		32F328BB26A14D9300345ED2 /* Info.plist */ = {isa = PBXFileReference; lastKnownFileType = text.plist.xml; path = Info.plist; sourceTree = "<group>"; };
		32F328C026A14D9300345ED2 /* terpxchangeUITests.xctest */ = {isa = PBXFileReference; explicitFileType = wrapper.cfbundle; includeInIndex = 0; path = terpxchangeUITests.xctest; sourceTree = BUILT_PRODUCTS_DIR; };
		32F328C426A14D9300345ED2 /* terpxchangeUITests.swift */ = {isa = PBXFileReference; lastKnownFileType = sourcecode.swift; path = terpxchangeUITests.swift; sourceTree = "<group>"; };
		32F328C626A14D9300345ED2 /* Info.plist */ = {isa = PBXFileReference; lastKnownFileType = text.plist.xml; path = Info.plist; sourceTree = "<group>"; };
		32F328D226A14DC300345ED2 /* Book.swift */ = {isa = PBXFileReference; lastKnownFileType = sourcecode.swift; path = Book.swift; sourceTree = "<group>"; };
		32F328D426A1517000345ED2 /* User.swift */ = {isa = PBXFileReference; lastKnownFileType = sourcecode.swift; path = User.swift; sourceTree = "<group>"; };
		32F328D626A1563200345ED2 /* System.swift */ = {isa = PBXFileReference; lastKnownFileType = sourcecode.swift; path = System.swift; sourceTree = "<group>"; };
/* End PBXFileReference section */

/* Begin PBXFrameworksBuildPhase section */
		32F328A126A14D9200345ED2 /* Frameworks */ = {
			isa = PBXFrameworksBuildPhase;
			buildActionMask = 2147483647;
			files = (
			);
			runOnlyForDeploymentPostprocessing = 0;
		};
		32F328B226A14D9300345ED2 /* Frameworks */ = {
			isa = PBXFrameworksBuildPhase;
			buildActionMask = 2147483647;
			files = (
			);
			runOnlyForDeploymentPostprocessing = 0;
		};
		32F328BD26A14D9300345ED2 /* Frameworks */ = {
			isa = PBXFrameworksBuildPhase;
			buildActionMask = 2147483647;
			files = (
			);
			runOnlyForDeploymentPostprocessing = 0;
		};
/* End PBXFrameworksBuildPhase section */

/* Begin PBXGroup section */
		32F3289B26A14D9200345ED2 = {
			isa = PBXGroup;
			children = (
				32F328A626A14D9200345ED2 /* terpxchange */,
				32F328B826A14D9300345ED2 /* terpxchangeTests */,
				32F328C326A14D9300345ED2 /* terpxchangeUITests */,
				32F328A526A14D9200345ED2 /* Products */,
			);
			sourceTree = "<group>";
		};
		32F328A526A14D9200345ED2 /* Products */ = {
			isa = PBXGroup;
			children = (
				32F328A426A14D9200345ED2 /* terpxchange.app */,
				32F328B526A14D9300345ED2 /* terpxchangeTests.xctest */,
				32F328C026A14D9300345ED2 /* terpxchangeUITests.xctest */,
			);
			name = Products;
			sourceTree = "<group>";
		};
		32F328A626A14D9200345ED2 /* terpxchange */ = {
			isa = PBXGroup;
			children = (
				32F328A726A14D9200345ED2 /* terpxchangeApp.swift */,
				32F328A926A14D9200345ED2 /* ContentView.swift */,
				32F328AB26A14D9300345ED2 /* Assets.xcassets */,
				32F328B026A14D9300345ED2 /* Info.plist */,
				32F328AD26A14D9300345ED2 /* Preview Content */,
				32F328D226A14DC300345ED2 /* Book.swift */,
				32F328D426A1517000345ED2 /* User.swift */,
				32F328D626A1563200345ED2 /* System.swift */,
			);
			path = terpxchange;
			sourceTree = "<group>";
		};
		32F328AD26A14D9300345ED2 /* Preview Content */ = {
			isa = PBXGroup;
			children = (
				32F328AE26A14D9300345ED2 /* Preview Assets.xcassets */,
			);
			path = "Preview Content";
			sourceTree = "<group>";
		};
		32F328B826A14D9300345ED2 /* terpxchangeTests */ = {
			isa = PBXGroup;
			children = (
				32F328B926A14D9300345ED2 /* terpxchangeTests.swift */,
				32F328BB26A14D9300345ED2 /* Info.plist */,
			);
			path = terpxchangeTests;
			sourceTree = "<group>";
		};
		32F328C326A14D9300345ED2 /* terpxchangeUITests */ = {
			isa = PBXGroup;
			children = (
				32F328C426A14D9300345ED2 /* terpxchangeUITests.swift */,
				32F328C626A14D9300345ED2 /* Info.plist */,
			);
			path = terpxchangeUITests;
			sourceTree = "<group>";
		};
/* End PBXGroup section */

/* Begin PBXNativeTarget section */
		32F328A326A14D9200345ED2 /* terpxchange */ = {
			isa = PBXNativeTarget;
			buildConfigurationList = 32F328C926A14D9300345ED2 /* Build configuration list for PBXNativeTarget "terpxchange" */;
			buildPhases = (
				32F328A026A14D9200345ED2 /* Sources */,
				32F328A126A14D9200345ED2 /* Frameworks */,
				32F328A226A14D9200345ED2 /* Resources */,
			);
			buildRules = (
			);
			dependencies = (
			);
			name = terpxchange;
			productName = terpxchange;
			productReference = 32F328A426A14D9200345ED2 /* terpxchange.app */;
			productType = "com.apple.product-type.application";
		};
		32F328B426A14D9300345ED2 /* terpxchangeTests */ = {
			isa = PBXNativeTarget;
			buildConfigurationList = 32F328CC26A14D9300345ED2 /* Build configuration list for PBXNativeTarget "terpxchangeTests" */;
			buildPhases = (
				32F328B126A14D9300345ED2 /* Sources */,
				32F328B226A14D9300345ED2 /* Frameworks */,
				32F328B326A14D9300345ED2 /* Resources */,
			);
			buildRules = (
			);
			dependencies = (
				32F328B726A14D9300345ED2 /* PBXTargetDependency */,
			);
			name = terpxchangeTests;
			productName = terpxchangeTests;
			productReference = 32F328B526A14D9300345ED2 /* terpxchangeTests.xctest */;
			productType = "com.apple.product-type.bundle.unit-test";
		};
		32F328BF26A14D9300345ED2 /* terpxchangeUITests */ = {
			isa = PBXNativeTarget;
			buildConfigurationList = 32F328CF26A14D9300345ED2 /* Build configuration list for PBXNativeTarget "terpxchangeUITests" */;
			buildPhases = (
				32F328BC26A14D9300345ED2 /* Sources */,
				32F328BD26A14D9300345ED2 /* Frameworks */,
				32F328BE26A14D9300345ED2 /* Resources */,
			);
			buildRules = (
			);
			dependencies = (
				32F328C226A14D9300345ED2 /* PBXTargetDependency */,
			);
			name = terpxchangeUITests;
			productName = terpxchangeUITests;
			productReference = 32F328C026A14D9300345ED2 /* terpxchangeUITests.xctest */;
			productType = "com.apple.product-type.bundle.ui-testing";
		};
/* End PBXNativeTarget section */

/* Begin PBXProject section */
		32F3289C26A14D9200345ED2 /* Project object */ = {
			isa = PBXProject;
			attributes = {
				LastSwiftUpdateCheck = 1250;
				LastUpgradeCheck = 1250;
				TargetAttributes = {
					32F328A326A14D9200345ED2 = {
						CreatedOnToolsVersion = 12.5.1;
					};
					32F328B426A14D9300345ED2 = {
						CreatedOnToolsVersion = 12.5.1;
						TestTargetID = 32F328A326A14D9200345ED2;
					};
					32F328BF26A14D9300345ED2 = {
						CreatedOnToolsVersion = 12.5.1;
						TestTargetID = 32F328A326A14D9200345ED2;
					};
				};
			};
			buildConfigurationList = 32F3289F26A14D9200345ED2 /* Build configuration list for PBXProject "terpxchange" */;
			compatibilityVersion = "Xcode 9.3";
			developmentRegion = en;
			hasScannedForEncodings = 0;
			knownRegions = (
				en,
				Base,
			);
			mainGroup = 32F3289B26A14D9200345ED2;
			productRefGroup = 32F328A526A14D9200345ED2 /* Products */;
			projectDirPath = "";
			projectRoot = "";
			targets = (
				32F328A326A14D9200345ED2 /* terpxchange */,
				32F328B426A14D9300345ED2 /* terpxchangeTests */,
				32F328BF26A14D9300345ED2 /* terpxchangeUITests */,
			);
		};
/* End PBXProject section */

/* Begin PBXResourcesBuildPhase section */
		32F328A226A14D9200345ED2 /* Resources */ = {
			isa = PBXResourcesBuildPhase;
			buildActionMask = 2147483647;
			files = (
				32F328AF26A14D9300345ED2 /* Preview Assets.xcassets in Resources */,
				32F328AC26A14D9300345ED2 /* Assets.xcassets in Resources */,
			);
			runOnlyForDeploymentPostprocessing = 0;
		};
		32F328B326A14D9300345ED2 /* Resources */ = {
			isa = PBXResourcesBuildPhase;
			buildActionMask = 2147483647;
			files = (
			);
			runOnlyForDeploymentPostprocessing = 0;
		};
		32F328BE26A14D9300345ED2 /* Resources */ = {
			isa = PBXResourcesBuildPhase;
			buildActionMask = 2147483647;
			files = (
			);
			runOnlyForDeploymentPostprocessing = 0;
		};
/* End PBXResourcesBuildPhase section */

/* Begin PBXSourcesBuildPhase section */
		32F328A026A14D9200345ED2 /* Sources */ = {
			isa = PBXSourcesBuildPhase;
			buildActionMask = 2147483647;
			files = (
				32F328D726A1563200345ED2 /* System.swift in Sources */,
				32F328D526A1517000345ED2 /* User.swift in Sources */,
				32F328AA26A14D9200345ED2 /* ContentView.swift in Sources */,
				32F328A826A14D9200345ED2 /* terpxchangeApp.swift in Sources */,
				32F328D326A14DC300345ED2 /* Book.swift in Sources */,
			);
			runOnlyForDeploymentPostprocessing = 0;
		};
		32F328B126A14D9300345ED2 /* Sources */ = {
			isa = PBXSourcesBuildPhase;
			buildActionMask = 2147483647;
			files = (
				32F328BA26A14D9300345ED2 /* terpxchangeTests.swift in Sources */,
			);
			runOnlyForDeploymentPostprocessing = 0;
		};
		32F328BC26A14D9300345ED2 /* Sources */ = {
			isa = PBXSourcesBuildPhase;
			buildActionMask = 2147483647;
			files = (
				32F328C526A14D9300345ED2 /* terpxchangeUITests.swift in Sources */,
			);
			runOnlyForDeploymentPostprocessing = 0;
		};
/* End PBXSourcesBuildPhase section */

/* Begin PBXTargetDependency section */
		32F328B726A14D9300345ED2 /* PBXTargetDependency */ = {
			isa = PBXTargetDependency;
			target = 32F328A326A14D9200345ED2 /* terpxchange */;
			targetProxy = 32F328B626A14D9300345ED2 /* PBXContainerItemProxy */;
		};
		32F328C226A14D9300345ED2 /* PBXTargetDependency */ = {
			isa = PBXTargetDependency;
			target = 32F328A326A14D9200345ED2 /* terpxchange */;
			targetProxy = 32F328C126A14D9300345ED2 /* PBXContainerItemProxy */;
		};
/* End PBXTargetDependency section */

/* Begin XCBuildConfiguration section */
		32F328C726A14D9300345ED2 /* Debug */ = {
			isa = XCBuildConfiguration;
			buildSettings = {
				ALWAYS_SEARCH_USER_PATHS = NO;
				CLANG_ANALYZER_NONNULL = YES;
				CLANG_ANALYZER_NUMBER_OBJECT_CONVERSION = YES_AGGRESSIVE;
				CLANG_CXX_LANGUAGE_STANDARD = "gnu++14";
				CLANG_CXX_LIBRARY = "libc++";
				CLANG_ENABLE_MODULES = YES;
				CLANG_ENABLE_OBJC_ARC = YES;
				CLANG_ENABLE_OBJC_WEAK = YES;
				CLANG_WARN_BLOCK_CAPTURE_AUTORELEASING = YES;
				CLANG_WARN_BOOL_CONVERSION = YES;
				CLANG_WARN_COMMA = YES;
				CLANG_WARN_CONSTANT_CONVERSION = YES;
				CLANG_WARN_DEPRECATED_OBJC_IMPLEMENTATIONS = YES;
				CLANG_WARN_DIRECT_OBJC_ISA_USAGE = YES_ERROR;
				CLANG_WARN_DOCUMENTATION_COMMENTS = YES;
				CLANG_WARN_EMPTY_BODY = YES;
				CLANG_WARN_ENUM_CONVERSION = YES;
				CLANG_WARN_INFINITE_RECURSION = YES;
				CLANG_WARN_INT_CONVERSION = YES;
				CLANG_WARN_NON_LITERAL_NULL_CONVERSION = YES;
				CLANG_WARN_OBJC_IMPLICIT_RETAIN_SELF = YES;
				CLANG_WARN_OBJC_LITERAL_CONVERSION = YES;
				CLANG_WARN_OBJC_ROOT_CLASS = YES_ERROR;
				CLANG_WARN_QUOTED_INCLUDE_IN_FRAMEWORK_HEADER = YES;
				CLANG_WARN_RANGE_LOOP_ANALYSIS = YES;
				CLANG_WARN_STRICT_PROTOTYPES = YES;
				CLANG_WARN_SUSPICIOUS_MOVE = YES;
				CLANG_WARN_UNGUARDED_AVAILABILITY = YES_AGGRESSIVE;
				CLANG_WARN_UNREACHABLE_CODE = YES;
				CLANG_WARN__DUPLICATE_METHOD_MATCH = YES;
				COPY_PHASE_STRIP = NO;
				DEBUG_INFORMATION_FORMAT = dwarf;
				ENABLE_STRICT_OBJC_MSGSEND = YES;
				ENABLE_TESTABILITY = YES;
				GCC_C_LANGUAGE_STANDARD = gnu11;
				GCC_DYNAMIC_NO_PIC = NO;
				GCC_NO_COMMON_BLOCKS = YES;
				GCC_OPTIMIZATION_LEVEL = 0;
				GCC_PREPROCESSOR_DEFINITIONS = (
					"DEBUG=1",
					"$(inherited)",
				);
				GCC_WARN_64_TO_32_BIT_CONVERSION = YES;
				GCC_WARN_ABOUT_RETURN_TYPE = YES_ERROR;
				GCC_WARN_UNDECLARED_SELECTOR = YES;
				GCC_WARN_UNINITIALIZED_AUTOS = YES_AGGRESSIVE;
				GCC_WARN_UNUSED_FUNCTION = YES;
				GCC_WARN_UNUSED_VARIABLE = YES;
				IPHONEOS_DEPLOYMENT_TARGET = 14.5;
				MTL_ENABLE_DEBUG_INFO = INCLUDE_SOURCE;
				MTL_FAST_MATH = YES;
				ONLY_ACTIVE_ARCH = YES;
				SDKROOT = iphoneos;
				SWIFT_ACTIVE_COMPILATION_CONDITIONS = DEBUG;
				SWIFT_OPTIMIZATION_LEVEL = "-Onone";
			};
			name = Debug;
		};
		32F328C826A14D9300345ED2 /* Release */ = {
			isa = XCBuildConfiguration;
			buildSettings = {
				ALWAYS_SEARCH_USER_PATHS = NO;
				CLANG_ANALYZER_NONNULL = YES;
				CLANG_ANALYZER_NUMBER_OBJECT_CONVERSION = YES_AGGRESSIVE;
				CLANG_CXX_LANGUAGE_STANDARD = "gnu++14";
				CLANG_CXX_LIBRARY = "libc++";
				CLANG_ENABLE_MODULES = YES;
				CLANG_ENABLE_OBJC_ARC = YES;
				CLANG_ENABLE_OBJC_WEAK = YES;
				CLANG_WARN_BLOCK_CAPTURE_AUTORELEASING = YES;
				CLANG_WARN_BOOL_CONVERSION = YES;
				CLANG_WARN_COMMA = YES;
				CLANG_WARN_CONSTANT_CONVERSION = YES;
				CLANG_WARN_DEPRECATED_OBJC_IMPLEMENTATIONS = YES;
				CLANG_WARN_DIRECT_OBJC_ISA_USAGE = YES_ERROR;
				CLANG_WARN_DOCUMENTATION_COMMENTS = YES;
				CLANG_WARN_EMPTY_BODY = YES;
				CLANG_WARN_ENUM_CONVERSION = YES;
				CLANG_WARN_INFINITE_RECURSION = YES;
				CLANG_WARN_INT_CONVERSION = YES;
				CLANG_WARN_NON_LITERAL_NULL_CONVERSION = YES;
				CLANG_WARN_OBJC_IMPLICIT_RETAIN_SELF = YES;
				CLANG_WARN_OBJC_LITERAL_CONVERSION = YES;
				CLANG_WARN_OBJC_ROOT_CLASS = YES_ERROR;
				CLANG_WARN_QUOTED_INCLUDE_IN_FRAMEWORK_HEADER = YES;
				CLANG_WARN_RANGE_LOOP_ANALYSIS = YES;
				CLANG_WARN_STRICT_PROTOTYPES = YES;
				CLANG_WARN_SUSPICIOUS_MOVE = YES;
				CLANG_WARN_UNGUARDED_AVAILABILITY = YES_AGGRESSIVE;
				CLANG_WARN_UNREACHABLE_CODE = YES;
				CLANG_WARN__DUPLICATE_METHOD_MATCH = YES;
				COPY_PHASE_STRIP = NO;
				DEBUG_INFORMATION_FORMAT = "dwarf-with-dsym";
				ENABLE_NS_ASSERTIONS = NO;
				ENABLE_STRICT_OBJC_MSGSEND = YES;
				GCC_C_LANGUAGE_STANDARD = gnu11;
				GCC_NO_COMMON_BLOCKS = YES;
				GCC_WARN_64_TO_32_BIT_CONVERSION = YES;
				GCC_WARN_ABOUT_RETURN_TYPE = YES_ERROR;
				GCC_WARN_UNDECLARED_SELECTOR = YES;
				GCC_WARN_UNINITIALIZED_AUTOS = YES_AGGRESSIVE;
				GCC_WARN_UNUSED_FUNCTION = YES;
				GCC_WARN_UNUSED_VARIABLE = YES;
				IPHONEOS_DEPLOYMENT_TARGET = 14.5;
				MTL_ENABLE_DEBUG_INFO = NO;
				MTL_FAST_MATH = YES;
				SDKROOT = iphoneos;
				SWIFT_COMPILATION_MODE = wholemodule;
				SWIFT_OPTIMIZATION_LEVEL = "-O";
				VALIDATE_PRODUCT = YES;
			};
			name = Release;
		};
		32F328CA26A14D9300345ED2 /* Debug */ = {
			isa = XCBuildConfiguration;
			buildSettings = {
				ASSETCATALOG_COMPILER_APPICON_NAME = AppIcon;
				ASSETCATALOG_COMPILER_GLOBAL_ACCENT_COLOR_NAME = AccentColor;
				CODE_SIGN_STYLE = Automatic;
				DEVELOPMENT_ASSET_PATHS = "\"terpxchange/Preview Content\"";
				DEVELOPMENT_TEAM = ZGXMLSZUPS;
				ENABLE_PREVIEWS = YES;
				INFOPLIST_FILE = terpxchange/Info.plist;
				IPHONEOS_DEPLOYMENT_TARGET = 14.0;
				LD_RUNPATH_SEARCH_PATHS = (
					"$(inherited)",
					"@executable_path/Frameworks",
				);
				PRODUCT_BUNDLE_IDENTIFIER = alexanderquinto.terpxchange;
				PRODUCT_NAME = "$(TARGET_NAME)";
				SWIFT_VERSION = 5.0;
				TARGETED_DEVICE_FAMILY = "1,2";
			};
			name = Debug;
		};
		32F328CB26A14D9300345ED2 /* Release */ = {
			isa = XCBuildConfiguration;
			buildSettings = {
				ASSETCATALOG_COMPILER_APPICON_NAME = AppIcon;
				ASSETCATALOG_COMPILER_GLOBAL_ACCENT_COLOR_NAME = AccentColor;
				CODE_SIGN_STYLE = Automatic;
				DEVELOPMENT_ASSET_PATHS = "\"terpxchange/Preview Content\"";
				DEVELOPMENT_TEAM = ZGXMLSZUPS;
				ENABLE_PREVIEWS = YES;
				INFOPLIST_FILE = terpxchange/Info.plist;
				IPHONEOS_DEPLOYMENT_TARGET = 14.0;
				LD_RUNPATH_SEARCH_PATHS = (
					"$(inherited)",
					"@executable_path/Frameworks",
				);
				PRODUCT_BUNDLE_IDENTIFIER = alexanderquinto.terpxchange;
				PRODUCT_NAME = "$(TARGET_NAME)";
				SWIFT_VERSION = 5.0;
				TARGETED_DEVICE_FAMILY = "1,2";
			};
			name = Release;
		};
		32F328CD26A14D9300345ED2 /* Debug */ = {
			isa = XCBuildConfiguration;
			buildSettings = {
				ALWAYS_EMBED_SWIFT_STANDARD_LIBRARIES = YES;
				BUNDLE_LOADER = "$(TEST_HOST)";
				CODE_SIGN_STYLE = Automatic;
				DEVELOPMENT_TEAM = ZGXMLSZUPS;
				INFOPLIST_FILE = terpxchangeTests/Info.plist;
				IPHONEOS_DEPLOYMENT_TARGET = 14.0;
				LD_RUNPATH_SEARCH_PATHS = (
					"$(inherited)",
					"@executable_path/Frameworks",
					"@loader_path/Frameworks",
				);
				PRODUCT_BUNDLE_IDENTIFIER = alexanderquinto.terpxchangeTests;
				PRODUCT_NAME = "$(TARGET_NAME)";
				SWIFT_VERSION = 5.0;
				TARGETED_DEVICE_FAMILY = "1,2";
				TEST_HOST = "$(BUILT_PRODUCTS_DIR)/terpxchange.app/terpxchange";
			};
			name = Debug;
		};
		32F328CE26A14D9300345ED2 /* Release */ = {
			isa = XCBuildConfiguration;
			buildSettings = {
				ALWAYS_EMBED_SWIFT_STANDARD_LIBRARIES = YES;
				BUNDLE_LOADER = "$(TEST_HOST)";
				CODE_SIGN_STYLE = Automatic;
				DEVELOPMENT_TEAM = ZGXMLSZUPS;
				INFOPLIST_FILE = terpxchangeTests/Info.plist;
				IPHONEOS_DEPLOYMENT_TARGET = 14.0;
				LD_RUNPATH_SEARCH_PATHS = (
					"$(inherited)",
					"@executable_path/Frameworks",
					"@loader_path/Frameworks",
				);
				PRODUCT_BUNDLE_IDENTIFIER = alexanderquinto.terpxchangeTests;
				PRODUCT_NAME = "$(TARGET_NAME)";
				SWIFT_VERSION = 5.0;
				TARGETED_DEVICE_FAMILY = "1,2";
				TEST_HOST = "$(BUILT_PRODUCTS_DIR)/terpxchange.app/terpxchange";
			};
			name = Release;
		};
		32F328D026A14D9300345ED2 /* Debug */ = {
			isa = XCBuildConfiguration;
			buildSettings = {
				ALWAYS_EMBED_SWIFT_STANDARD_LIBRARIES = YES;
				CODE_SIGN_STYLE = Automatic;
				DEVELOPMENT_TEAM = ZGXMLSZUPS;
				INFOPLIST_FILE = terpxchangeUITests/Info.plist;
				LD_RUNPATH_SEARCH_PATHS = (
					"$(inherited)",
					"@executable_path/Frameworks",
					"@loader_path/Frameworks",
				);
				PRODUCT_BUNDLE_IDENTIFIER = alexanderquinto.terpxchangeUITests;
				PRODUCT_NAME = "$(TARGET_NAME)";
				SWIFT_VERSION = 5.0;
				TARGETED_DEVICE_FAMILY = "1,2";
				TEST_TARGET_NAME = terpxchange;
			};
			name = Debug;
		};
		32F328D126A14D9300345ED2 /* Release */ = {
			isa = XCBuildConfiguration;
			buildSettings = {
				ALWAYS_EMBED_SWIFT_STANDARD_LIBRARIES = YES;
				CODE_SIGN_STYLE = Automatic;
				DEVELOPMENT_TEAM = ZGXMLSZUPS;
				INFOPLIST_FILE = terpxchangeUITests/Info.plist;
				LD_RUNPATH_SEARCH_PATHS = (
					"$(inherited)",
					"@executable_path/Frameworks",
					"@loader_path/Frameworks",
				);
				PRODUCT_BUNDLE_IDENTIFIER = alexanderquinto.terpxchangeUITests;
				PRODUCT_NAME = "$(TARGET_NAME)";
				SWIFT_VERSION = 5.0;
				TARGETED_DEVICE_FAMILY = "1,2";
				TEST_TARGET_NAME = terpxchange;
			};
			name = Release;
		};
/* End XCBuildConfiguration section */

/* Begin XCConfigurationList section */
		32F3289F26A14D9200345ED2 /* Build configuration list for PBXProject "terpxchange" */ = {
			isa = XCConfigurationList;
			buildConfigurations = (
				32F328C726A14D9300345ED2 /* Debug */,
				32F328C826A14D9300345ED2 /* Release */,
			);
			defaultConfigurationIsVisible = 0;
			defaultConfigurationName = Release;
		};
		32F328C926A14D9300345ED2 /* Build configuration list for PBXNativeTarget "terpxchange" */ = {
			isa = XCConfigurationList;
			buildConfigurations = (
				32F328CA26A14D9300345ED2 /* Debug */,
				32F328CB26A14D9300345ED2 /* Release */,
			);
			defaultConfigurationIsVisible = 0;
			defaultConfigurationName = Release;
		};
		32F328CC26A14D9300345ED2 /* Build configuration list for PBXNativeTarget "terpxchangeTests" */ = {
			isa = XCConfigurationList;
			buildConfigurations = (
				32F328CD26A14D9300345ED2 /* Debug */,
				32F328CE26A14D9300345ED2 /* Release */,
			);
			defaultConfigurationIsVisible = 0;
			defaultConfigurationName = Release;
		};
		32F328CF26A14D9300345ED2 /* Build configuration list for PBXNativeTarget "terpxchangeUITests" */ = {
			isa = XCConfigurationList;
			buildConfigurations = (
				32F328D026A14D9300345ED2 /* Debug */,
				32F328D126A14D9300345ED2 /* Release */,
			);
			defaultConfigurationIsVisible = 0;
			defaultConfigurationName = Release;
		};
/* End XCConfigurationList section */
	};
	rootObject = 32F3289C26A14D9200345ED2 /* Project object */;
}
